{
  "version": 4,
  "terraform_version": "0.12.1",
  "serial": 23,
  "lineage": "fb53df2e-a528-5002-e2c5-428edd0647ca",
  "outputs": {
    "elb_dns": {
      "value": "terraform-demo-elb-189596666.us-west-1.elb.amazonaws.com",
      "type": "string"
    }
  },
  "resources": [
    {
      "mode": "data",
      "type": "aws_ami",
      "name": "ubuntu",
      "provider": "provider.aws",
      "instances": [
        {
          "schema_version": 0,
          "attributes": {
            "architecture": "x86_64",
            "block_device_mappings": [
              {
                "device_name": "/dev/sda1",
                "ebs": {
                  "delete_on_termination": "true",
                  "encrypted": "false",
                  "iops": "0",
                  "snapshot_id": "snap-0fbc65393debed49a",
                  "volume_size": "8",
                  "volume_type": "gp2"
                },
                "no_device": "",
                "virtual_name": ""
              },
              {
                "device_name": "/dev/sdb",
                "ebs": {},
                "no_device": "",
                "virtual_name": "ephemeral0"
              },
              {
                "device_name": "/dev/sdc",
                "ebs": {},
                "no_device": "",
                "virtual_name": "ephemeral1"
              }
            ],
            "creation_date": "2019-06-27T21:46:09.000Z",
            "description": "Canonical, Ubuntu, 18.04 LTS, amd64 bionic image build on 2019-06-27",
            "executable_users": null,
            "filter": [
              {
                "name": "name",
                "values": [
                  "ubuntu/images/hvm-ssd/ubuntu-bionic-18.04-amd64-server-*"
                ]
              },
              {
                "name": "virtualization-type",
                "values": [
                  "hvm"
                ]
              }
            ],
            "hypervisor": "xen",
            "id": "ami-068670db424b01e9a",
            "image_id": "ami-068670db424b01e9a",
            "image_location": "099720109477/ubuntu/images/hvm-ssd/ubuntu-bionic-18.04-amd64-server-20190627.1",
            "image_owner_alias": null,
            "image_type": "machine",
            "kernel_id": null,
            "most_recent": true,
            "name": "ubuntu/images/hvm-ssd/ubuntu-bionic-18.04-amd64-server-20190627.1",
            "name_regex": null,
            "owner_id": "099720109477",
            "owners": [
              "099720109477"
            ],
            "platform": null,
            "product_codes": [],
            "public": true,
            "ramdisk_id": null,
            "root_device_name": "/dev/sda1",
            "root_device_type": "ebs",
            "root_snapshot_id": "snap-0fbc65393debed49a",
            "sriov_net_support": "simple",
            "state": "available",
            "state_reason": {
              "code": "UNSET",
              "message": "UNSET"
            },
            "tags": {},
            "virtualization_type": "hvm"
          }
        }
      ]
    },
    {
      "mode": "managed",
      "type": "ansible_host",
      "name": "default",
      "each": "list",
      "provider": "provider.ansible",
      "instances": [
        {
          "index_key": 0,
          "schema_version": 0,
          "attributes": {
            "groups": null,
            "id": "i-0180123aa33efe6af",
            "inventory_hostname": "i-0180123aa33efe6af",
            "variable_priority": 50,
            "vars": {
              "ansible_host": "54.183.253.116",
              "ansible_user": "ubuntu"
            }
          },
          "depends_on": [
            "aws_instance.webservers"
          ]
        },
        {
          "index_key": 1,
          "schema_version": 0,
          "attributes": {
            "groups": null,
            "id": "i-0820a3c4f50710864",
            "inventory_hostname": "i-0820a3c4f50710864",
            "variable_priority": 50,
            "vars": {
              "ansible_host": "54.241.253.140",
              "ansible_user": "ubuntu"
            }
          },
          "depends_on": [
            "aws_instance.webservers"
          ]
        }
      ]
    },
    {
      "mode": "managed",
      "type": "aws_elb",
      "name": "lb",
      "provider": "provider.aws",
      "instances": [
        {
          "schema_version": 0,
          "attributes": {
            "access_logs": [],
            "arn": "arn:aws:elasticloadbalancing:us-west-1:330130877977:loadbalancer/terraform-demo-elb",
            "availability_zones": [
              "us-west-1b",
              "us-west-1c"
            ],
            "connection_draining": true,
            "connection_draining_timeout": 400,
            "cross_zone_load_balancing": true,
            "dns_name": "terraform-demo-elb-189596666.us-west-1.elb.amazonaws.com",
            "health_check": [
              {
                "healthy_threshold": 2,
                "interval": 30,
                "target": "HTTP:80/",
                "timeout": 3,
                "unhealthy_threshold": 2
              }
            ],
            "id": "terraform-demo-elb",
            "idle_timeout": 400,
            "instances": [
              "i-0180123aa33efe6af",
              "i-0820a3c4f50710864"
            ],
            "internal": false,
            "listener": [
              {
                "instance_port": 80,
                "instance_protocol": "http",
                "lb_port": 80,
                "lb_protocol": "http",
                "ssl_certificate_id": ""
              }
            ],
            "name": "terraform-demo-elb",
            "name_prefix": null,
            "security_groups": [
              "sg-066471e1cd59b7972",
              "sg-0c77babfe962c4002",
              "sg-0d3cf6cdb840f8474",
              "sg-0d555f1821a6db9d4"
            ],
            "source_security_group": "330130877977/allow_https",
            "source_security_group_id": "sg-0d555f1821a6db9d4",
            "subnets": [
              "subnet-00397d82679baba96",
              "subnet-0eb9ba08da52274c1"
            ],
            "tags": {},
            "zone_id": "Z368ELLRRE2KJ0"
          },
          "depends_on": [
            "aws_instance.webservers",
            "aws_security_group.allow_all_out_ipv4",
            "aws_security_group.allow_http",
            "aws_security_group.allow_https",
            "aws_security_group.ensure_ssh_ipv4",
            "aws_subnet.subnet_a",
            "aws_subnet.subnet_b"
          ]
        }
      ]
    },
    {
      "mode": "managed",
      "type": "aws_instance",
      "name": "webservers",
      "each": "list",
      "provider": "provider.aws",
      "instances": [
        {
          "index_key": 0,
          "schema_version": 1,
          "attributes": {
            "ami": "ami-068670db424b01e9a",
            "arn": "arn:aws:ec2:us-west-1:330130877977:instance/i-0180123aa33efe6af",
            "associate_public_ip_address": true,
            "availability_zone": "us-west-1b",
            "cpu_core_count": 1,
            "cpu_threads_per_core": 1,
            "credit_specification": [
              {
                "cpu_credits": "standard"
              }
            ],
            "disable_api_termination": false,
            "ebs_block_device": [],
            "ebs_optimized": false,
            "ephemeral_block_device": [],
            "get_password_data": false,
            "host_id": null,
            "iam_instance_profile": "",
            "id": "i-0180123aa33efe6af",
            "instance_initiated_shutdown_behavior": null,
            "instance_state": "running",
            "instance_type": "t2.micro",
            "ipv6_address_count": 0,
            "ipv6_addresses": [],
            "key_name": "ec2_instance_key_12015",
            "monitoring": false,
            "network_interface": [],
            "network_interface_id": null,
            "password_data": "",
            "placement_group": "",
            "primary_network_interface_id": "eni-0bdc284d26aa0ee26",
            "private_dns": "ip-10-0-0-130.us-west-1.compute.internal",
            "private_ip": "10.0.0.130",
            "public_dns": "ec2-54-183-253-116.us-west-1.compute.amazonaws.com",
            "public_ip": "54.183.253.116",
            "root_block_device": [
              {
                "delete_on_termination": true,
                "iops": 100,
                "volume_id": "vol-061962f2bdd44ce03",
                "volume_size": 8,
                "volume_type": "gp2"
              }
            ],
            "security_groups": [],
            "source_dest_check": true,
            "subnet_id": "subnet-00397d82679baba96",
            "tags": {},
            "tenancy": "default",
            "timeouts": null,
            "user_data": null,
            "user_data_base64": null,
            "volume_tags": {},
            "vpc_security_group_ids": [
              "sg-066471e1cd59b7972",
              "sg-0c77babfe962c4002",
              "sg-0d3cf6cdb840f8474",
              "sg-0d555f1821a6db9d4"
            ]
          },
          "depends_on": [
            "aws_key_pair.edgenda_key",
            "aws_security_group.allow_all_out_ipv4",
            "aws_security_group.allow_http",
            "aws_security_group.allow_https",
            "aws_security_group.ensure_ssh_ipv4",
            "aws_subnet.subnet_a",
            "aws_subnet.subnet_b",
            "data.aws_ami.ubuntu"
          ]
        },
        {
          "index_key": 1,
          "schema_version": 1,
          "attributes": {
            "ami": "ami-068670db424b01e9a",
            "arn": "arn:aws:ec2:us-west-1:330130877977:instance/i-0820a3c4f50710864",
            "associate_public_ip_address": true,
            "availability_zone": "us-west-1c",
            "cpu_core_count": 1,
            "cpu_threads_per_core": 1,
            "credit_specification": [
              {
                "cpu_credits": "standard"
              }
            ],
            "disable_api_termination": false,
            "ebs_block_device": [],
            "ebs_optimized": false,
            "ephemeral_block_device": [],
            "get_password_data": false,
            "host_id": null,
            "iam_instance_profile": "",
            "id": "i-0820a3c4f50710864",
            "instance_initiated_shutdown_behavior": null,
            "instance_state": "running",
            "instance_type": "t2.micro",
            "ipv6_address_count": 0,
            "ipv6_addresses": [],
            "key_name": "ec2_instance_key_12015",
            "monitoring": false,
            "network_interface": [],
            "network_interface_id": null,
            "password_data": "",
            "placement_group": "",
            "primary_network_interface_id": "eni-0f0f105b51532d4a3",
            "private_dns": "ip-10-0-1-162.us-west-1.compute.internal",
            "private_ip": "10.0.1.162",
            "public_dns": "ec2-54-241-253-140.us-west-1.compute.amazonaws.com",
            "public_ip": "54.241.253.140",
            "root_block_device": [
              {
                "delete_on_termination": true,
                "iops": 100,
                "volume_id": "vol-04a559ca70d70ab2b",
                "volume_size": 8,
                "volume_type": "gp2"
              }
            ],
            "security_groups": [],
            "source_dest_check": true,
            "subnet_id": "subnet-0eb9ba08da52274c1",
            "tags": {},
            "tenancy": "default",
            "timeouts": null,
            "user_data": null,
            "user_data_base64": null,
            "volume_tags": {},
            "vpc_security_group_ids": [
              "sg-066471e1cd59b7972",
              "sg-0c77babfe962c4002",
              "sg-0d3cf6cdb840f8474",
              "sg-0d555f1821a6db9d4"
            ]
          },
          "depends_on": [
            "aws_key_pair.edgenda_key",
            "aws_security_group.allow_all_out_ipv4",
            "aws_security_group.allow_http",
            "aws_security_group.allow_https",
            "aws_security_group.ensure_ssh_ipv4",
            "aws_subnet.subnet_a",
            "aws_subnet.subnet_b",
            "data.aws_ami.ubuntu"
          ]
        }
      ]
    },
    {
      "mode": "managed",
      "type": "aws_internet_gateway",
      "name": "gateway",
      "provider": "provider.aws",
      "instances": [
        {
          "schema_version": 0,
          "attributes": {
            "id": "igw-086e89e8a4db2a86c",
            "owner_id": "330130877977",
            "tags": {},
            "vpc_id": "vpc-0cbb1957505cf8c78"
          },
          "depends_on": [
            "aws_vpc.tf_network"
          ]
        }
      ]
    },
    {
      "mode": "managed",
      "type": "aws_key_pair",
      "name": "edgenda_key",
      "provider": "provider.aws",
      "instances": [
        {
          "schema_version": 1,
          "attributes": {
            "fingerprint": "8d:87:69:53:65:65:71:a2:73:f5:18:1c:66:46:bd:b7",
            "id": "ec2_instance_key_12015",
            "key_name": "ec2_instance_key_12015",
            "key_name_prefix": null,
            "public_key": "ssh-rsa AAAAB3NzaC1yc2EAAAADAQABAAACAQDnO3YUiISMCHgxmOnV/lEuuiwvUjEKiJcUzNTRqyx/LhJFlHDTilhCRxO1asn2LcIf9f0pxHO6/VOrRw/Zfv1Uw+oMrmd9tH/RlJWSG3G1g6GYcp0Qh/8yrxXMRsSUtqp4ofPP7eZVar7oxMNnfTbTMWfzc/NzVOD6aBP1ti5kFgK/y5pA1reES0g0RY5DnVQldY9PdA0Br38vYhfdOXVmcpReV7uBbhl0kzfba5Tc/P1sXOcmw9NdS/px95rA+lvikqyJe94V5iudzsq7Je67yQEWUQ2YE+wkWQqFJAHxzjKfRYR7qVWsJOT0pI2mrwBueR7NkJNTSkThdx9ehFgdP4uCqucwKdAHmBsnAgd8px5ZXrbIwep1kzVdnDuGUDHNvAjq3APKSfLpoh5h+DjNljaJnE1E8yTXptflYrd6TYJhH+R1kMe+1QbXufAOF+09HDFPL1fodZVwyoKUgfGDdLwT57IuRbJS6ZpLOrmNrtqZ9Heyj0pJk7mXzuMHQugnPBlJnMq7BWNdHfA6TQKMOgj+FhpTaPELNWnudAAmBTc75tVKznp27weRUho2lIZxmI2Q0cdxcBRQnmbg7bwuiDIvE5th9ZaFA7eGXpKu56mnsUsMy6pIZSl75VKKFDxiwr+S3ShYQQkAgtE9Vb3j90H0wjlCgUFaectUr3qk8w== etiennebrouillard@MacBook-Pro-de-Etienne.local"
          }
        }
      ]
    },
    {
      "mode": "managed",
      "type": "aws_route_table",
      "name": "public_rt",
      "provider": "provider.aws",
      "instances": [
        {
          "schema_version": 0,
          "attributes": {
            "id": "rtb-0db81c7b8f84eae79",
            "owner_id": "330130877977",
            "propagating_vgws": [],
            "route": [
              {
                "cidr_block": "0.0.0.0/0",
                "egress_only_gateway_id": "",
                "gateway_id": "igw-086e89e8a4db2a86c",
                "instance_id": "",
                "ipv6_cidr_block": "",
                "nat_gateway_id": "",
                "network_interface_id": "",
                "transit_gateway_id": "",
                "vpc_peering_connection_id": ""
              }
            ],
            "tags": {},
            "vpc_id": "vpc-0cbb1957505cf8c78"
          },
          "depends_on": [
            "aws_internet_gateway.gateway",
            "aws_vpc.tf_network"
          ]
        }
      ]
    },
    {
      "mode": "managed",
      "type": "aws_route_table_association",
      "name": "public_route_assoc_a",
      "provider": "provider.aws",
      "instances": [
        {
          "schema_version": 0,
          "attributes": {
            "id": "rtbassoc-010f329c1439c26f2",
            "route_table_id": "rtb-0db81c7b8f84eae79",
            "subnet_id": "subnet-00397d82679baba96"
          },
          "depends_on": [
            "aws_route_table.public_rt",
            "aws_subnet.subnet_a"
          ]
        }
      ]
    },
    {
      "mode": "managed",
      "type": "aws_route_table_association",
      "name": "public_route_assoc_b",
      "provider": "provider.aws",
      "instances": [
        {
          "schema_version": 0,
          "attributes": {
            "id": "rtbassoc-0445a7eea24362de6",
            "route_table_id": "rtb-0db81c7b8f84eae79",
            "subnet_id": "subnet-0eb9ba08da52274c1"
          },
          "depends_on": [
            "aws_route_table.public_rt",
            "aws_subnet.subnet_b"
          ]
        }
      ]
    },
    {
      "mode": "managed",
      "type": "aws_security_group",
      "name": "allow_all_out_ipv4",
      "provider": "provider.aws",
      "instances": [
        {
          "schema_version": 1,
          "attributes": {
            "arn": "arn:aws:ec2:us-west-1:330130877977:security-group/sg-066471e1cd59b7972",
            "description": "Managed by Terraform",
            "egress": [
              {
                "cidr_blocks": [
                  "0.0.0.0/0"
                ],
                "description": "",
                "from_port": 0,
                "ipv6_cidr_blocks": [],
                "prefix_list_ids": [],
                "protocol": "-1",
                "security_groups": [],
                "self": false,
                "to_port": 0
              }
            ],
            "id": "sg-066471e1cd59b7972",
            "ingress": [],
            "name": "Allow_All_Out_IPV4",
            "name_prefix": null,
            "owner_id": "330130877977",
            "revoke_rules_on_delete": false,
            "tags": {},
            "timeouts": null,
            "vpc_id": "vpc-0cbb1957505cf8c78"
          },
          "depends_on": [
            "aws_vpc.tf_network"
          ]
        }
      ]
    },
    {
      "mode": "managed",
      "type": "aws_security_group",
      "name": "allow_http",
      "provider": "provider.aws",
      "instances": [
        {
          "schema_version": 1,
          "attributes": {
            "arn": "arn:aws:ec2:us-west-1:330130877977:security-group/sg-0c77babfe962c4002",
            "description": "Managed by Terraform",
            "egress": [],
            "id": "sg-0c77babfe962c4002",
            "ingress": [
              {
                "cidr_blocks": [
                  "0.0.0.0/0"
                ],
                "description": "",
                "from_port": 80,
                "ipv6_cidr_blocks": [],
                "prefix_list_ids": [],
                "protocol": "tcp",
                "security_groups": [],
                "self": false,
                "to_port": 80
              }
            ],
            "name": "allow_http",
            "name_prefix": null,
            "owner_id": "330130877977",
            "revoke_rules_on_delete": false,
            "tags": {},
            "timeouts": null,
            "vpc_id": "vpc-0cbb1957505cf8c78"
          },
          "depends_on": [
            "aws_vpc.tf_network"
          ]
        }
      ]
    },
    {
      "mode": "managed",
      "type": "aws_security_group",
      "name": "allow_https",
      "provider": "provider.aws",
      "instances": [
        {
          "schema_version": 1,
          "attributes": {
            "arn": "arn:aws:ec2:us-west-1:330130877977:security-group/sg-0d555f1821a6db9d4",
            "description": "Managed by Terraform",
            "egress": [],
            "id": "sg-0d555f1821a6db9d4",
            "ingress": [
              {
                "cidr_blocks": [
                  "0.0.0.0/0"
                ],
                "description": "",
                "from_port": 443,
                "ipv6_cidr_blocks": [],
                "prefix_list_ids": [],
                "protocol": "tcp",
                "security_groups": [],
                "self": false,
                "to_port": 443
              }
            ],
            "name": "allow_https",
            "name_prefix": null,
            "owner_id": "330130877977",
            "revoke_rules_on_delete": false,
            "tags": {},
            "timeouts": null,
            "vpc_id": "vpc-0cbb1957505cf8c78"
          },
          "depends_on": [
            "aws_vpc.tf_network"
          ]
        }
      ]
    },
    {
      "mode": "managed",
      "type": "aws_security_group",
      "name": "ensure_ssh_ipv4",
      "provider": "provider.aws",
      "instances": [
        {
          "schema_version": 1,
          "attributes": {
            "arn": "arn:aws:ec2:us-west-1:330130877977:security-group/sg-0d3cf6cdb840f8474",
            "description": "Managed by Terraform",
            "egress": [],
            "id": "sg-0d3cf6cdb840f8474",
            "ingress": [
              {
                "cidr_blocks": [
                  "0.0.0.0/0"
                ],
                "description": "",
                "from_port": 22,
                "ipv6_cidr_blocks": [],
                "prefix_list_ids": [],
                "protocol": "tcp",
                "security_groups": [],
                "self": false,
                "to_port": 22
              }
            ],
            "name": "Ensure_SSH_Allow_All_IPV4",
            "name_prefix": null,
            "owner_id": "330130877977",
            "revoke_rules_on_delete": false,
            "tags": {},
            "timeouts": null,
            "vpc_id": "vpc-0cbb1957505cf8c78"
          },
          "depends_on": [
            "aws_vpc.tf_network"
          ]
        }
      ]
    },
    {
      "mode": "managed",
      "type": "aws_subnet",
      "name": "subnet_a",
      "provider": "provider.aws",
      "instances": [
        {
          "schema_version": 1,
          "attributes": {
            "arn": "arn:aws:ec2:us-west-1:330130877977:subnet/subnet-00397d82679baba96",
            "assign_ipv6_address_on_creation": false,
            "availability_zone": "us-west-1b",
            "availability_zone_id": "usw1-az3",
            "cidr_block": "10.0.0.0/24",
            "id": "subnet-00397d82679baba96",
            "ipv6_cidr_block": "",
            "ipv6_cidr_block_association_id": "",
            "map_public_ip_on_launch": true,
            "owner_id": "330130877977",
            "tags": {},
            "timeouts": null,
            "vpc_id": "vpc-0cbb1957505cf8c78"
          },
          "depends_on": [
            "aws_internet_gateway.gateway",
            "aws_vpc.tf_network"
          ]
        }
      ]
    },
    {
      "mode": "managed",
      "type": "aws_subnet",
      "name": "subnet_b",
      "provider": "provider.aws",
      "instances": [
        {
          "schema_version": 1,
          "attributes": {
            "arn": "arn:aws:ec2:us-west-1:330130877977:subnet/subnet-0eb9ba08da52274c1",
            "assign_ipv6_address_on_creation": false,
            "availability_zone": "us-west-1c",
            "availability_zone_id": "usw1-az1",
            "cidr_block": "10.0.1.0/24",
            "id": "subnet-0eb9ba08da52274c1",
            "ipv6_cidr_block": "",
            "ipv6_cidr_block_association_id": "",
            "map_public_ip_on_launch": true,
            "owner_id": "330130877977",
            "tags": {},
            "timeouts": null,
            "vpc_id": "vpc-0cbb1957505cf8c78"
          },
          "depends_on": [
            "aws_internet_gateway.gateway",
            "aws_vpc.tf_network"
          ]
        }
      ]
    },
    {
      "mode": "managed",
      "type": "aws_vpc",
      "name": "tf_network",
      "provider": "provider.aws",
      "instances": [
        {
          "schema_version": 1,
          "attributes": {
            "arn": "arn:aws:ec2:us-west-1:330130877977:vpc/vpc-0cbb1957505cf8c78",
            "assign_generated_ipv6_cidr_block": false,
            "cidr_block": "10.0.0.0/16",
            "default_network_acl_id": "acl-0f59221700ef9c7a7",
            "default_route_table_id": "rtb-00c8c1bcb1934f009",
            "default_security_group_id": "sg-0e544852bf04702f9",
            "dhcp_options_id": "dopt-1d54097a",
            "enable_classiclink": false,
            "enable_classiclink_dns_support": false,
            "enable_dns_hostnames": true,
            "enable_dns_support": true,
            "id": "vpc-0cbb1957505cf8c78",
            "instance_tenancy": "default",
            "ipv6_association_id": "",
            "ipv6_cidr_block": "",
            "main_route_table_id": "rtb-00c8c1bcb1934f009",
            "owner_id": "330130877977",
            "tags": {}
          }
        }
      ]
    }
  ]
}
